// !$*UTF8*$!
{
	archiveVersion = 1;
	classes = {
	};
	objectVersion = 46;
	objects = {

/* Begin PBXBuildFile section */
		2B6088CB1ADFA7F90002CD8C /* AppDelegate.swift in Sources */ = {isa = PBXBuildFile; fileRef = 2B6088CA1ADFA7F90002CD8C /* AppDelegate.swift */; };
		2B6088CD1ADFA7F90002CD8C /* ViewController.swift in Sources */ = {isa = PBXBuildFile; fileRef = 2B6088CC1ADFA7F90002CD8C /* ViewController.swift */; };
		2B6088D21ADFA7F90002CD8C /* Images.xcassets in Resources */ = {isa = PBXBuildFile; fileRef = 2B6088D11ADFA7F90002CD8C /* Images.xcassets */; };
		2B6088D51ADFA7F90002CD8C /* LaunchScreen.xib in Resources */ = {isa = PBXBuildFile; fileRef = 2B6088D31ADFA7F90002CD8C /* LaunchScreen.xib */; };
		2B6088E11ADFA7F90002CD8C /* daigouTests.swift in Sources */ = {isa = PBXBuildFile; fileRef = 2B6088E01ADFA7F90002CD8C /* daigouTests.swift */; };
		2B6088EB1ADFABF80002CD8C /* SalesOrder.swift in Sources */ = {isa = PBXBuildFile; fileRef = 2B6088EA1ADFABF80002CD8C /* SalesOrder.swift */; };
		2B6088EF1ADFACCF0002CD8C /* SalesOrders.swift in Sources */ = {isa = PBXBuildFile; fileRef = 2B6088EE1ADFACCF0002CD8C /* SalesOrders.swift */; };
		2B6088F11AE0620A0002CD8C /* MoneyDisplayView.swift in Sources */ = {isa = PBXBuildFile; fileRef = 2B6088F01AE0620A0002CD8C /* MoneyDisplayView.swift */; };
		2BAEE7691AE5377700D7381F /* DetailViewController.swift in Sources */ = {isa = PBXBuildFile; fileRef = 2BAEE7681AE5377700D7381F /* DetailViewController.swift */; };
		2BBBB8EF1AE0F93100081500 /* HeaderView.swift in Sources */ = {isa = PBXBuildFile; fileRef = 2BBBB8EE1AE0F93100081500 /* HeaderView.swift */; };
		2BBBB8F11AE11E8500081500 /* MoneyDisplayListView.swift in Sources */ = {isa = PBXBuildFile; fileRef = 2BBBB8F01AE11E8500081500 /* MoneyDisplayListView.swift */; };
		2BBBB8F31AE121D400081500 /* MoneyDisplay.swift in Sources */ = {isa = PBXBuildFile; fileRef = 2BBBB8F21AE121D400081500 /* MoneyDisplay.swift */; };
		2BBBB8F61AE1493D00081500 /* Color.swift in Sources */ = {isa = PBXBuildFile; fileRef = 2BBBB8F51AE1493D00081500 /* Color.swift */; };
		2BBBB8F81AE1DB7E00081500 /* FakeView.swift in Sources */ = {isa = PBXBuildFile; fileRef = 2BBBB8F71AE1DB7E00081500 /* FakeView.swift */; };
		2BCD3AD91AE3711A0070923A /* NavigationController.swift in Sources */ = {isa = PBXBuildFile; fileRef = 2BCD3AD81AE3711A0070923A /* NavigationController.swift */; };
		2BCD3ADB1AE3DE390070923A /* HomeTableController.swift in Sources */ = {isa = PBXBuildFile; fileRef = 2BCD3ADA1AE3DE390070923A /* HomeTableController.swift */; };
/* End PBXBuildFile section */

/* Begin PBXContainerItemProxy section */
		2B6088DB1ADFA7F90002CD8C /* PBXContainerItemProxy */ = {
			isa = PBXContainerItemProxy;
			containerPortal = 2B6088BD1ADFA7F90002CD8C /* Project object */;
			proxyType = 1;
			remoteGlobalIDString = 2B6088C41ADFA7F90002CD8C;
			remoteInfo = daigou;
		};
/* End PBXContainerItemProxy section */

/* Begin PBXFileReference section */
		2B6088C51ADFA7F90002CD8C /* daigou.app */ = {isa = PBXFileReference; explicitFileType = wrapper.application; includeInIndex = 0; path = daigou.app; sourceTree = BUILT_PRODUCTS_DIR; };
		2B6088C91ADFA7F90002CD8C /* Info.plist */ = {isa = PBXFileReference; lastKnownFileType = text.plist.xml; path = Info.plist; sourceTree = "<group>"; };
		2B6088CA1ADFA7F90002CD8C /* AppDelegate.swift */ = {isa = PBXFileReference; lastKnownFileType = sourcecode.swift; path = AppDelegate.swift; sourceTree = "<group>"; };
		2B6088CC1ADFA7F90002CD8C /* ViewController.swift */ = {isa = PBXFileReference; lastKnownFileType = sourcecode.swift; path = ViewController.swift; sourceTree = "<group>"; };
		2B6088D11ADFA7F90002CD8C /* Images.xcassets */ = {isa = PBXFileReference; lastKnownFileType = folder.assetcatalog; path = Images.xcassets; sourceTree = "<group>"; };
		2B6088D41ADFA7F90002CD8C /* Base */ = {isa = PBXFileReference; lastKnownFileType = file.xib; name = Base; path = Base.lproj/LaunchScreen.xib; sourceTree = "<group>"; };
		2B6088DA1ADFA7F90002CD8C /* daigouTests.xctest */ = {isa = PBXFileReference; explicitFileType = wrapper.cfbundle; includeInIndex = 0; path = daigouTests.xctest; sourceTree = BUILT_PRODUCTS_DIR; };
		2B6088DF1ADFA7F90002CD8C /* Info.plist */ = {isa = PBXFileReference; lastKnownFileType = text.plist.xml; path = Info.plist; sourceTree = "<group>"; };
		2B6088E01ADFA7F90002CD8C /* daigouTests.swift */ = {isa = PBXFileReference; lastKnownFileType = sourcecode.swift; path = daigouTests.swift; sourceTree = "<group>"; };
		2B6088EA1ADFABF80002CD8C /* SalesOrder.swift */ = {isa = PBXFileReference; fileEncoding = 4; lastKnownFileType = sourcecode.swift; name = SalesOrder.swift; path = Models/SalesOrder.swift; sourceTree = "<group>"; };
		2B6088EE1ADFACCF0002CD8C /* SalesOrders.swift */ = {isa = PBXFileReference; fileEncoding = 4; lastKnownFileType = sourcecode.swift; path = SalesOrders.swift; sourceTree = "<group>"; };
		2B6088F01AE0620A0002CD8C /* MoneyDisplayView.swift */ = {isa = PBXFileReference; fileEncoding = 4; lastKnownFileType = sourcecode.swift; path = MoneyDisplayView.swift; sourceTree = "<group>"; };
		2BAEE7681AE5377700D7381F /* DetailViewController.swift */ = {isa = PBXFileReference; fileEncoding = 4; lastKnownFileType = sourcecode.swift; path = DetailViewController.swift; sourceTree = "<group>"; };
		2BBBB8EE1AE0F93100081500 /* HeaderView.swift */ = {isa = PBXFileReference; fileEncoding = 4; lastKnownFileType = sourcecode.swift; path = HeaderView.swift; sourceTree = "<group>"; };
		2BBBB8F01AE11E8500081500 /* MoneyDisplayListView.swift */ = {isa = PBXFileReference; fileEncoding = 4; lastKnownFileType = sourcecode.swift; path = MoneyDisplayListView.swift; sourceTree = "<group>"; };
		2BBBB8F21AE121D400081500 /* MoneyDisplay.swift */ = {isa = PBXFileReference; fileEncoding = 4; lastKnownFileType = sourcecode.swift; path = MoneyDisplay.swift; sourceTree = "<group>"; };
		2BBBB8F51AE1493D00081500 /* Color.swift */ = {isa = PBXFileReference; fileEncoding = 4; lastKnownFileType = sourcecode.swift; path = Color.swift; sourceTree = "<group>"; };
		2BBBB8F71AE1DB7E00081500 /* FakeView.swift */ = {isa = PBXFileReference; fileEncoding = 4; lastKnownFileType = sourcecode.swift; path = FakeView.swift; sourceTree = "<group>"; };
		2BCD3AD81AE3711A0070923A /* NavigationController.swift */ = {isa = PBXFileReference; fileEncoding = 4; lastKnownFileType = sourcecode.swift; path = NavigationController.swift; sourceTree = "<group>"; };
		2BCD3ADA1AE3DE390070923A /* HomeTableController.swift */ = {isa = PBXFileReference; fileEncoding = 4; lastKnownFileType = sourcecode.swift; path = HomeTableController.swift; sourceTree = "<group>"; };
/* End PBXFileReference section */

/* Begin PBXFrameworksBuildPhase section */
		2B6088C21ADFA7F90002CD8C /* Frameworks */ = {
			isa = PBXFrameworksBuildPhase;
			buildActionMask = 2147483647;
			files = (
			);
			runOnlyForDeploymentPostprocessing = 0;
		};
		2B6088D71ADFA7F90002CD8C /* Frameworks */ = {
			isa = PBXFrameworksBuildPhase;
			buildActionMask = 2147483647;
			files = (
			);
			runOnlyForDeploymentPostprocessing = 0;
		};
/* End PBXFrameworksBuildPhase section */

/* Begin PBXGroup section */
		2B6088BC1ADFA7F90002CD8C = {
			isa = PBXGroup;
			children = (
				2B6088C71ADFA7F90002CD8C /* daigou */,
				2B6088DD1ADFA7F90002CD8C /* daigouTests */,
				2B6088C61ADFA7F90002CD8C /* Products */,
			);
			sourceTree = "<group>";
		};
		2B6088C61ADFA7F90002CD8C /* Products */ = {
			isa = PBXGroup;
			children = (
				2B6088C51ADFA7F90002CD8C /* daigou.app */,
				2B6088DA1ADFA7F90002CD8C /* daigouTests.xctest */,
			);
			name = Products;
			sourceTree = "<group>";
		};
		2B6088C71ADFA7F90002CD8C /* daigou */ = {
			isa = PBXGroup;
			children = (
				2B6088CA1ADFA7F90002CD8C /* AppDelegate.swift */,
				2B6088ED1ADFAC7C0002CD8C /* Controllers */,
				2B6088D11ADFA7F90002CD8C /* Images.xcassets */,
				2B6088D31ADFA7F90002CD8C /* LaunchScreen.xib */,
				2B6088C81ADFA7F90002CD8C /* Supporting Files */,
				2B6088EC1ADFAC6A0002CD8C /* Models */,
				2B6088F21AE068170002CD8C /* CustomizedViews */,
				2BBBB8F41AE121DA00081500 /* ViewModel */,
			);
			path = daigou;
			sourceTree = "<group>";
		};
		2B6088C81ADFA7F90002CD8C /* Supporting Files */ = {
			isa = PBXGroup;
			children = (
				2B6088C91ADFA7F90002CD8C /* Info.plist */,
			);
			name = "Supporting Files";
			sourceTree = "<group>";
		};
		2B6088DD1ADFA7F90002CD8C /* daigouTests */ = {
			isa = PBXGroup;
			children = (
				2B6088E01ADFA7F90002CD8C /* daigouTests.swift */,
				2B6088DE1ADFA7F90002CD8C /* Supporting Files */,
			);
			path = daigouTests;
			sourceTree = "<group>";
		};
		2B6088DE1ADFA7F90002CD8C /* Supporting Files */ = {
			isa = PBXGroup;
			children = (
				2B6088DF1ADFA7F90002CD8C /* Info.plist */,
			);
			name = "Supporting Files";
			sourceTree = "<group>";
		};
		2B6088EC1ADFAC6A0002CD8C /* Models */ = {
			isa = PBXGroup;
			children = (
				2B6088EA1ADFABF80002CD8C /* SalesOrder.swift */,
				2B6088EE1ADFACCF0002CD8C /* SalesOrders.swift */,
			);
			name = Models;
			sourceTree = "<group>";
		};
		2B6088ED1ADFAC7C0002CD8C /* Controllers */ = {
			isa = PBXGroup;
			children = (
				2B6088CC1ADFA7F90002CD8C /* ViewController.swift */,
				2BCD3AD81AE3711A0070923A /* NavigationController.swift */,
				2BCD3ADA1AE3DE390070923A /* HomeTableController.swift */,
				2BAEE7681AE5377700D7381F /* DetailViewController.swift */,
			);
			name = Controllers;
			sourceTree = "<group>";
		};
		2B6088F21AE068170002CD8C /* CustomizedViews */ = {
			isa = PBXGroup;
			children = (
				2B6088F01AE0620A0002CD8C /* MoneyDisplayView.swift */,
				2BBBB8EE1AE0F93100081500 /* HeaderView.swift */,
				2BBBB8F01AE11E8500081500 /* MoneyDisplayListView.swift */,
				2BBBB8F51AE1493D00081500 /* Color.swift */,
				2BBBB8F71AE1DB7E00081500 /* FakeView.swift */,
			);
			name = CustomizedViews;
			sourceTree = "<group>";
		};
		2BBBB8F41AE121DA00081500 /* ViewModel */ = {
			isa = PBXGroup;
			children = (
				2BBBB8F21AE121D400081500 /* MoneyDisplay.swift */,
			);
			name = ViewModel;
			sourceTree = "<group>";
		};
/* End PBXGroup section */

/* Begin PBXNativeTarget section */
		2B6088C41ADFA7F90002CD8C /* daigou */ = {
			isa = PBXNativeTarget;
			buildConfigurationList = 2B6088E41ADFA7F90002CD8C /* Build configuration list for PBXNativeTarget "daigou" */;
			buildPhases = (
				2B6088C11ADFA7F90002CD8C /* Sources */,
				2B6088C21ADFA7F90002CD8C /* Frameworks */,
				2B6088C31ADFA7F90002CD8C /* Resources */,
			);
			buildRules = (
			);
			dependencies = (
			);
			name = daigou;
			productName = daigou;
			productReference = 2B6088C51ADFA7F90002CD8C /* daigou.app */;
			productType = "com.apple.product-type.application";
		};
		2B6088D91ADFA7F90002CD8C /* daigouTests */ = {
			isa = PBXNativeTarget;
			buildConfigurationList = 2B6088E71ADFA7F90002CD8C /* Build configuration list for PBXNativeTarget "daigouTests" */;
			buildPhases = (
				2B6088D61ADFA7F90002CD8C /* Sources */,
				2B6088D71ADFA7F90002CD8C /* Frameworks */,
				2B6088D81ADFA7F90002CD8C /* Resources */,
			);
			buildRules = (
			);
			dependencies = (
				2B6088DC1ADFA7F90002CD8C /* PBXTargetDependency */,
			);
			name = daigouTests;
			productName = daigouTests;
			productReference = 2B6088DA1ADFA7F90002CD8C /* daigouTests.xctest */;
			productType = "com.apple.product-type.bundle.unit-test";
		};
/* End PBXNativeTarget section */

/* Begin PBXProject section */
		2B6088BD1ADFA7F90002CD8C /* Project object */ = {
			isa = PBXProject;
			attributes = {
				LastUpgradeCheck = 0630;
				ORGANIZATIONNAME = "Feng Zhichao";
				TargetAttributes = {
					2B6088C41ADFA7F90002CD8C = {
						CreatedOnToolsVersion = 6.3;
					};
					2B6088D91ADFA7F90002CD8C = {
						CreatedOnToolsVersion = 6.3;
						TestTargetID = 2B6088C41ADFA7F90002CD8C;
					};
				};
			};
			buildConfigurationList = 2B6088C01ADFA7F90002CD8C /* Build configuration list for PBXProject "daigou" */;
			compatibilityVersion = "Xcode 3.2";
			developmentRegion = English;
			hasScannedForEncodings = 0;
			knownRegions = (
				en,
				Base,
			);
			mainGroup = 2B6088BC1ADFA7F90002CD8C;
			productRefGroup = 2B6088C61ADFA7F90002CD8C /* Products */;
			projectDirPath = "";
			projectRoot = "";
			targets = (
				2B6088C41ADFA7F90002CD8C /* daigou */,
				2B6088D91ADFA7F90002CD8C /* daigouTests */,
			);
		};
/* End PBXProject section */

/* Begin PBXResourcesBuildPhase section */
		2B6088C31ADFA7F90002CD8C /* Resources */ = {
			isa = PBXResourcesBuildPhase;
			buildActionMask = 2147483647;
			files = (
				2B6088D51ADFA7F90002CD8C /* LaunchScreen.xib in Resources */,
				2B6088D21ADFA7F90002CD8C /* Images.xcassets in Resources */,
			);
			runOnlyForDeploymentPostprocessing = 0;
		};
		2B6088D81ADFA7F90002CD8C /* Resources */ = {
			isa = PBXResourcesBuildPhase;
			buildActionMask = 2147483647;
			files = (
			);
			runOnlyForDeploymentPostprocessing = 0;
		};
/* End PBXResourcesBuildPhase section */

/* Begin PBXSourcesBuildPhase section */
		2B6088C11ADFA7F90002CD8C /* Sources */ = {
			isa = PBXSourcesBuildPhase;
			buildActionMask = 2147483647;
			files = (
				2BAEE7691AE5377700D7381F /* DetailViewController.swift in Sources */,
				2BCD3AD91AE3711A0070923A /* NavigationController.swift in Sources */,
				2B6088F11AE0620A0002CD8C /* MoneyDisplayView.swift in Sources */,
				2BBBB8EF1AE0F93100081500 /* HeaderView.swift in Sources */,
				2B6088EB1ADFABF80002CD8C /* SalesOrder.swift in Sources */,
				2BBBB8F31AE121D400081500 /* MoneyDisplay.swift in Sources */,
				2BCD3ADB1AE3DE390070923A /* HomeTableController.swift in Sources */,
				2B6088CD1ADFA7F90002CD8C /* ViewController.swift in Sources */,
				2B6088CB1ADFA7F90002CD8C /* AppDelegate.swift in Sources */,
				2BBBB8F11AE11E8500081500 /* MoneyDisplayListView.swift in Sources */,
				2BBBB8F81AE1DB7E00081500 /* FakeView.swift in Sources */,
				2B6088EF1ADFACCF0002CD8C /* SalesOrders.swift in Sources */,
				2BBBB8F61AE1493D00081500 /* Color.swift in Sources */,
			);
			runOnlyForDeploymentPostprocessing = 0;
		};
		2B6088D61ADFA7F90002CD8C /* Sources */ = {
			isa = PBXSourcesBuildPhase;
			buildActionMask = 2147483647;
			files = (
				2B6088E11ADFA7F90002CD8C /* daigouTests.swift in Sources */,
			);
			runOnlyForDeploymentPostprocessing = 0;
		};
/* End PBXSourcesBuildPhase section */

/* Begin PBXTargetDependency section */
		2B6088DC1ADFA7F90002CD8C /* PBXTargetDependency */ = {
			isa = PBXTargetDependency;
			target = 2B6088C41ADFA7F90002CD8C /* daigou */;
			targetProxy = 2B6088DB1ADFA7F90002CD8C /* PBXContainerItemProxy */;
		};
/* End PBXTargetDependency section */

/* Begin PBXVariantGroup section */
		2B6088D31ADFA7F90002CD8C /* LaunchScreen.xib */ = {
			isa = PBXVariantGroup;
			children = (
				2B6088D41ADFA7F90002CD8C /* Base */,
			);
			name = LaunchScreen.xib;
			sourceTree = "<group>";
		};
/* End PBXVariantGroup section */

/* Begin XCBuildConfiguration section */
		2B6088E21ADFA7F90002CD8C /* Debug */ = {
			isa = XCBuildConfiguration;
			buildSettings = {
				ALWAYS_SEARCH_USER_PATHS = NO;
				CLANG_CXX_LANGUAGE_STANDARD = "gnu++0x";
				CLANG_CXX_LIBRARY = "libc++";
				CLANG_ENABLE_MODULES = YES;
				CLANG_ENABLE_OBJC_ARC = YES;
				CLANG_WARN_BOOL_CONVERSION = YES;
				CLANG_WARN_CONSTANT_CONVERSION = YES;
				CLANG_WARN_DIRECT_OBJC_ISA_USAGE = YES_ERROR;
				CLANG_WARN_EMPTY_BODY = YES;
				CLANG_WARN_ENUM_CONVERSION = YES;
				CLANG_WARN_INT_CONVERSION = YES;
				CLANG_WARN_OBJC_ROOT_CLASS = YES_ERROR;
				CLANG_WARN_UNREACHABLE_CODE = YES;
				CLANG_WARN__DUPLICATE_METHOD_MATCH = YES;
				"CODE_SIGN_IDENTITY[sdk=iphoneos*]" = "iPhone Developer";
				COPY_PHASE_STRIP = NO;
				DEBUG_INFORMATION_FORMAT = "dwarf-with-dsym";
				ENABLE_STRICT_OBJC_MSGSEND = YES;
				GCC_C_LANGUAGE_STANDARD = gnu99;
				GCC_DYNAMIC_NO_PIC = NO;
				GCC_NO_COMMON_BLOCKS = YES;
				GCC_OPTIMIZATION_LEVEL = 0;
				GCC_PREPROCESSOR_DEFINITIONS = (
					"DEBUG=1",
					"$(inherited)",
				);
				GCC_SYMBOLS_PRIVATE_EXTERN = NO;
				GCC_WARN_64_TO_32_BIT_CONVERSION = YES;
				GCC_WARN_ABOUT_RETURN_TYPE = YES_ERROR;
				GCC_WARN_UNDECLARED_SELECTOR = YES;
				GCC_WARN_UNINITIALIZED_AUTOS = YES_AGGRESSIVE;
				GCC_WARN_UNUSED_FUNCTION = YES;
				GCC_WARN_UNUSED_VARIABLE = YES;
				IPHONEOS_DEPLOYMENT_TARGET = 8.3;
				MTL_ENABLE_DEBUG_INFO = YES;
				ONLY_ACTIVE_ARCH = YES;
				SDKROOT = iphoneos;
				SWIFT_OPTIMIZATION_LEVEL = "-Onone";
			};
			name = Debug;
		};
		2B6088E31ADFA7F90002CD8C /* Release */ = {
			isa = XCBuildConfiguration;
			buildSettings = {
				ALWAYS_SEARCH_USER_PATHS = NO;
				CLANG_CXX_LANGUAGE_STANDARD = "gnu++0x";
				CLANG_CXX_LIBRARY = "libc++";
				CLANG_ENABLE_MODULES = YES;
				CLANG_ENABLE_OBJC_ARC = YES;
				CLANG_WARN_BOOL_CONVERSION = YES;
				CLANG_WARN_CONSTANT_CONVERSION = YES;
				CLANG_WARN_DIRECT_OBJC_ISA_USAGE = YES_ERROR;
				CLANG_WARN_EMPTY_BODY = YES;
				CLANG_WARN_ENUM_CONVERSION = YES;
				CLANG_WARN_INT_CONVERSION = YES;
				CLANG_WARN_OBJC_ROOT_CLASS = YES_ERROR;
				CLANG_WARN_UNREACHABLE_CODE = YES;
				CLANG_WARN__DUPLICATE_METHOD_MATCH = YES;
				"CODE_SIGN_IDENTITY[sdk=iphoneos*]" = "iPhone Developer";
				COPY_PHASE_STRIP = NO;
				DEBUG_INFORMATION_FORMAT = "dwarf-with-dsym";
				ENABLE_NS_ASSERTIONS = NO;
				ENABLE_STRICT_OBJC_MSGSEND = YES;
				GCC_C_LANGUAGE_STANDARD = gnu99;
				GCC_NO_COMMON_BLOCKS = YES;
				GCC_WARN_64_TO_32_BIT_CONVERSION = YES;
				GCC_WARN_ABOUT_RETURN_TYPE = YES_ERROR;
				GCC_WARN_UNDECLARED_SELECTOR = YES;
				GCC_WARN_UNINITIALIZED_AUTOS = YES_AGGRESSIVE;
				GCC_WARN_UNUSED_FUNCTION = YES;
				GCC_WARN_UNUSED_VARIABLE = YES;
				IPHONEOS_DEPLOYMENT_TARGET = 8.3;
				MTL_ENABLE_DEBUG_INFO = NO;
				SDKROOT = iphoneos;
				VALIDATE_PRODUCT = YES;
			};
			name = Release;
		};
		2B6088E51ADFA7F90002CD8C /* Debug */ = {
			isa = XCBuildConfiguration;
			buildSettings = {
				ASSETCATALOG_COMPILER_APPICON_NAME = AppIcon;
				INFOPLIST_FILE = daigou/Info.plist;
				LD_RUNPATH_SEARCH_PATHS = "$(inherited) @executable_path/Frameworks";
				PRODUCT_NAME = "$(TARGET_NAME)";
			};
			name = Debug;
		};
		2B6088E61ADFA7F90002CD8C /* Release */ = {
			isa = XCBuildConfiguration;
			buildSettings = {
				ASSETCATALOG_COMPILER_APPICON_NAME = AppIcon;
				INFOPLIST_FILE = daigou/Info.plist;
				LD_RUNPATH_SEARCH_PATHS = "$(inherited) @executable_path/Frameworks";
				PRODUCT_NAME = "$(TARGET_NAME)";
			};
			name = Release;
		};
		2B6088E81ADFA7F90002CD8C /* Debug */ = {
			isa = XCBuildConfiguration;
			buildSettings = {
				BUNDLE_LOADER = "$(TEST_HOST)";
				FRAMEWORK_SEARCH_PATHS = (
					"$(SDKROOT)/Developer/Library/Frameworks",
					"$(inherited)",
				);
				GCC_PREPROCESSOR_DEFINITIONS = (
					"DEBUG=1",
					"$(inherited)",
				);
				INFOPLIST_FILE = daigouTests/Info.plist;
				LD_RUNPATH_SEARCH_PATHS = "$(inherited) @executable_path/Frameworks @loader_path/Frameworks";
				PRODUCT_NAME = "$(TARGET_NAME)";
				TEST_HOST = "$(BUILT_PRODUCTS_DIR)/daigou.app/daigou";
			};
			name = Debug;
		};
		2B6088E91ADFA7F90002CD8C /* Release */ = {
			isa = XCBuildConfiguration;
			buildSettings = {
				BUNDLE_LOADER = "$(TEST_HOST)";
				FRAMEWORK_SEARCH_PATHS = (
					"$(SDKROOT)/Developer/Library/Frameworks",
					"$(inherited)",
				);
				INFOPLIST_FILE = daigouTests/Info.plist;
				LD_RUNPATH_SEARCH_PATHS = "$(inherited) @executable_path/Frameworks @loader_path/Frameworks";
				PRODUCT_NAME = "$(TARGET_NAME)";
				TEST_HOST = "$(BUILT_PRODUCTS_DIR)/daigou.app/daigou";
			};
			name = Release;
		};
/* End XCBuildConfiguration section */

/* Begin XCConfigurationList section */
		2B6088C01ADFA7F90002CD8C /* Build configuration list for PBXProject "daigou" */ = {
			isa = XCConfigurationList;
			buildConfigurations = (
				2B6088E21ADFA7F90002CD8C /* Debug */,
				2B6088E31ADFA7F90002CD8C /* Release */,
			);
			defaultConfigurationIsVisible = 0;
			defaultConfigurationName = Release;
		};
		2B6088E41ADFA7F90002CD8C /* Build configuration list for PBXNativeTarget "daigou" */ = {
			isa = XCConfigurationList;
			buildConfigurations = (
				2B6088E51ADFA7F90002CD8C /* Debug */,
				2B6088E61ADFA7F90002CD8C /* Release */,
			);
			defaultConfigurationIsVisible = 0;
			defaultConfigurationName = Release;
		};
		2B6088E71ADFA7F90002CD8C /* Build configuration list for PBXNativeTarget "daigouTests" */ = {
			isa = XCConfigurationList;
			buildConfigurations = (
				2B6088E81ADFA7F90002CD8C /* Debug */,
				2B6088E91ADFA7F90002CD8C /* Release */,
			);
			defaultConfigurationIsVisible = 0;
			defaultConfigurationName = Release;
		};
/* End XCConfigurationList section */
	};
	rootObject = 2B6088BD1ADFA7F90002CD8C /* Project object */;
}
